
Microsoft Visual Studio Solution File, Format Version 12.00
# Visual Studio Version 17
VisualStudioVersion = 17.9.34607.119
MinimumVisualStudioVersion = 10.0.40219.1
Project("{888888A0-9F3D-457C-B088-3A5042F75D52}") = "runge_kutta", "runge_kutta\runge_kutta.pyproj", "{BD5CB234-6A88-4495-A243-D4D5D8EC06F6}"
EndProject
Global
	GlobalSection(SolutionConfigurationPlatforms) = preSolution
		Debug|Any CPU = Debug|Any CPU
		Release|Any CPU = Release|Any CPU
	EndGlobalSection
	GlobalSection(ProjectConfigurationPlatforms) = postSolution
		{BD5CB234-6A88-4495-A243-D4D5D8EC06F6}.Debug|Any CPU.ActiveCfg = Debug|Any CPU
		{BD5CB234-6A88-4495-A243-D4D5D8EC06F6}.Release|Any CPU.ActiveCfg = Release|Any CPU
	EndGlobalSection
	GlobalSection(SolutionProperties) = preSolution
		HideSolutionNode = FALSE
	EndGlobalSection
	GlobalSection(ExtensibilityGlobals) = postSolution
		SolutionGuid = {AF7AD3BA-A6BD-485A-A7A7-9C5BB7B73A96}
	EndGlobalSection
EndGlobal
